
Microsoft Visual Studio Solution File, Format Version 12.00
# Visual Studio 2012
Project("{8BC9CEB8-8B4A-11D0-8D11-00A0C91BC942}") = "decode_video", "decode_video\decode_video.vcxproj", "{F0C73FDF-407D-4946-9BDD-1254F17C5406}"
EndProject
Global
	GlobalSection(SolutionConfigurationPlatforms) = preSolution
		Debug|Win32 = Debug|Win32
		Release|Win32 = Release|Win32
	EndGlobalSection
	GlobalSection(ProjectConfigurationPlatforms) = postSolution
		{F0C73FDF-407D-4946-9BDD-1254F17C5406}.Debug|Win32.ActiveCfg = Debug|Win32
		{F0C73FDF-407D-4946-9BDD-1254F17C5406}.Debug|Win32.Build.0 = Debug|Win32
		{F0C73FDF-407D-4946-9BDD-1254F17C5406}.Release|Win32.ActiveCfg = Release|Win32
		{F0C73FDF-407D-4946-9BDD-1254F17C5406}.Release|Win32.Build.0 = Release|Win32
	EndGlobalSection
	GlobalSection(SolutionProperties) = preSolution
		HideSolutionNode = FALSE
	EndGlobalSection
EndGlobal
